// !$*UTF8*$!
{
	archiveVersion = 1;
	classes = {
	};
	objectVersion = 50;
	objects = {

/* Begin PBXBuildFile section */
		0557D7A7CD244A5206E33DE9 /* Pods_StarWarsChauffeurPriveeTests.framework in Frameworks */ = {isa = PBXBuildFile; fileRef = 71A68365AAC9EF697865CDC8 /* Pods_StarWarsChauffeurPriveeTests.framework */; };
		117BD321210F75FC002B341B /* AppDelegate.swift in Sources */ = {isa = PBXBuildFile; fileRef = 117BD320210F75FC002B341B /* AppDelegate.swift */; };
		117BD323210F75FD002B341B /* ViewController.swift in Sources */ = {isa = PBXBuildFile; fileRef = 117BD322210F75FD002B341B /* ViewController.swift */; };
		117BD326210F75FD002B341B /* Main.storyboard in Resources */ = {isa = PBXBuildFile; fileRef = 117BD324210F75FD002B341B /* Main.storyboard */; };
		117BD328210F75FE002B341B /* Assets.xcassets in Resources */ = {isa = PBXBuildFile; fileRef = 117BD327210F75FE002B341B /* Assets.xcassets */; };
		117BD32B210F75FE002B341B /* LaunchScreen.storyboard in Resources */ = {isa = PBXBuildFile; fileRef = 117BD329210F75FE002B341B /* LaunchScreen.storyboard */; };
		117BD336210F75FE002B341B /* StarWarsChauffeurPriveeTests.swift in Sources */ = {isa = PBXBuildFile; fileRef = 117BD335210F75FE002B341B /* StarWarsChauffeurPriveeTests.swift */; };
		117BD3A5210F9B0B002B341B /* Pilot.swift in Sources */ = {isa = PBXBuildFile; fileRef = 117BD3A4210F9B0B002B341B /* Pilot.swift */; };
		117BD3A7210F9B85002B341B /* TripInformation.swift in Sources */ = {isa = PBXBuildFile; fileRef = 117BD3A6210F9B85002B341B /* TripInformation.swift */; };
		117BD3A9210F9BAB002B341B /* Travel.swift in Sources */ = {isa = PBXBuildFile; fileRef = 117BD3A8210F9BAB002B341B /* Travel.swift */; };
		117BD3AC210F9BE5002B341B /* TravelUseCase.swift in Sources */ = {isa = PBXBuildFile; fileRef = 117BD3AB210F9BE5002B341B /* TravelUseCase.swift */; };
		96C3FF5806AC373EBD30276A /* Pods_StarWarsChauffeurPrivee.framework in Frameworks */ = {isa = PBXBuildFile; fileRef = A29CEFF315E8B84EB28D392D /* Pods_StarWarsChauffeurPrivee.framework */; };
/* End PBXBuildFile section */

/* Begin PBXContainerItemProxy section */
		117BD332210F75FE002B341B /* PBXContainerItemProxy */ = {
			isa = PBXContainerItemProxy;
			containerPortal = 117BD315210F75FC002B341B /* Project object */;
			proxyType = 1;
			remoteGlobalIDString = 117BD31C210F75FC002B341B;
			remoteInfo = StarWarsChauffeurPrivee;
		};
/* End PBXContainerItemProxy section */

/* Begin PBXFileReference section */
		117BD31D210F75FC002B341B /* StarWarsChauffeurPrivee.app */ = {isa = PBXFileReference; explicitFileType = wrapper.application; includeInIndex = 0; path = StarWarsChauffeurPrivee.app; sourceTree = BUILT_PRODUCTS_DIR; };
		117BD320210F75FC002B341B /* AppDelegate.swift */ = {isa = PBXFileReference; lastKnownFileType = sourcecode.swift; path = AppDelegate.swift; sourceTree = "<group>"; };
		117BD322210F75FD002B341B /* ViewController.swift */ = {isa = PBXFileReference; lastKnownFileType = sourcecode.swift; path = ViewController.swift; sourceTree = "<group>"; };
		117BD325210F75FD002B341B /* Base */ = {isa = PBXFileReference; lastKnownFileType = file.storyboard; name = Base; path = Base.lproj/Main.storyboard; sourceTree = "<group>"; };
		117BD327210F75FE002B341B /* Assets.xcassets */ = {isa = PBXFileReference; lastKnownFileType = folder.assetcatalog; path = Assets.xcassets; sourceTree = "<group>"; };
		117BD32A210F75FE002B341B /* Base */ = {isa = PBXFileReference; lastKnownFileType = file.storyboard; name = Base; path = Base.lproj/LaunchScreen.storyboard; sourceTree = "<group>"; };
		117BD32C210F75FE002B341B /* Info.plist */ = {isa = PBXFileReference; lastKnownFileType = text.plist.xml; path = Info.plist; sourceTree = "<group>"; };
		117BD331210F75FE002B341B /* StarWarsChauffeurPriveeTests.xctest */ = {isa = PBXFileReference; explicitFileType = wrapper.cfbundle; includeInIndex = 0; path = StarWarsChauffeurPriveeTests.xctest; sourceTree = BUILT_PRODUCTS_DIR; };
		117BD335210F75FE002B341B /* StarWarsChauffeurPriveeTests.swift */ = {isa = PBXFileReference; lastKnownFileType = sourcecode.swift; path = StarWarsChauffeurPriveeTests.swift; sourceTree = "<group>"; };
		117BD337210F75FE002B341B /* Info.plist */ = {isa = PBXFileReference; lastKnownFileType = text.plist.xml; path = Info.plist; sourceTree = "<group>"; };
		117BD3A4210F9B0B002B341B /* Pilot.swift */ = {isa = PBXFileReference; lastKnownFileType = sourcecode.swift; path = Pilot.swift; sourceTree = "<group>"; };
		117BD3A6210F9B85002B341B /* TripInformation.swift */ = {isa = PBXFileReference; lastKnownFileType = sourcecode.swift; path = TripInformation.swift; sourceTree = "<group>"; };
		117BD3A8210F9BAB002B341B /* Travel.swift */ = {isa = PBXFileReference; lastKnownFileType = sourcecode.swift; path = Travel.swift; sourceTree = "<group>"; };
		117BD3AB210F9BE5002B341B /* TravelUseCase.swift */ = {isa = PBXFileReference; lastKnownFileType = sourcecode.swift; path = TravelUseCase.swift; sourceTree = "<group>"; };
		71A68365AAC9EF697865CDC8 /* Pods_StarWarsChauffeurPriveeTests.framework */ = {isa = PBXFileReference; explicitFileType = wrapper.framework; includeInIndex = 0; path = Pods_StarWarsChauffeurPriveeTests.framework; sourceTree = BUILT_PRODUCTS_DIR; };
		9045B5E5A20DADA22216D273 /* Pods-StarWarsChauffeurPrivee.release.xcconfig */ = {isa = PBXFileReference; includeInIndex = 1; lastKnownFileType = text.xcconfig; name = "Pods-StarWarsChauffeurPrivee.release.xcconfig"; path = "Pods/Target Support Files/Pods-StarWarsChauffeurPrivee/Pods-StarWarsChauffeurPrivee.release.xcconfig"; sourceTree = "<group>"; };
		A29CEFF315E8B84EB28D392D /* Pods_StarWarsChauffeurPrivee.framework */ = {isa = PBXFileReference; explicitFileType = wrapper.framework; includeInIndex = 0; path = Pods_StarWarsChauffeurPrivee.framework; sourceTree = BUILT_PRODUCTS_DIR; };
		A2E960E121DA10D88E3C180F /* Pods-StarWarsChauffeurPriveeTests.release.xcconfig */ = {isa = PBXFileReference; includeInIndex = 1; lastKnownFileType = text.xcconfig; name = "Pods-StarWarsChauffeurPriveeTests.release.xcconfig"; path = "Pods/Target Support Files/Pods-StarWarsChauffeurPriveeTests/Pods-StarWarsChauffeurPriveeTests.release.xcconfig"; sourceTree = "<group>"; };
		A307294E8047D03736C40BDF /* Pods-StarWarsChauffeurPrivee.debug.xcconfig */ = {isa = PBXFileReference; includeInIndex = 1; lastKnownFileType = text.xcconfig; name = "Pods-StarWarsChauffeurPrivee.debug.xcconfig"; path = "Pods/Target Support Files/Pods-StarWarsChauffeurPrivee/Pods-StarWarsChauffeurPrivee.debug.xcconfig"; sourceTree = "<group>"; };
		DBD9CDF85E7F1500F2D2A892 /* Pods-StarWarsChauffeurPriveeTests.debug.xcconfig */ = {isa = PBXFileReference; includeInIndex = 1; lastKnownFileType = text.xcconfig; name = "Pods-StarWarsChauffeurPriveeTests.debug.xcconfig"; path = "Pods/Target Support Files/Pods-StarWarsChauffeurPriveeTests/Pods-StarWarsChauffeurPriveeTests.debug.xcconfig"; sourceTree = "<group>"; };
/* End PBXFileReference section */

/* Begin PBXFrameworksBuildPhase section */
		117BD31A210F75FC002B341B /* Frameworks */ = {
			isa = PBXFrameworksBuildPhase;
			buildActionMask = 2147483647;
			files = (
				96C3FF5806AC373EBD30276A /* Pods_StarWarsChauffeurPrivee.framework in Frameworks */,
			);
			runOnlyForDeploymentPostprocessing = 0;
		};
		117BD32E210F75FE002B341B /* Frameworks */ = {
			isa = PBXFrameworksBuildPhase;
			buildActionMask = 2147483647;
			files = (
				0557D7A7CD244A5206E33DE9 /* Pods_StarWarsChauffeurPriveeTests.framework in Frameworks */,
			);
			runOnlyForDeploymentPostprocessing = 0;
		};
/* End PBXFrameworksBuildPhase section */

/* Begin PBXGroup section */
		117BD314210F75FC002B341B = {
			isa = PBXGroup;
			children = (
				117BD31F210F75FC002B341B /* StarWarsChauffeurPrivee */,
				117BD334210F75FE002B341B /* StarWarsChauffeurPriveeTests */,
				117BD31E210F75FC002B341B /* Products */,
				E48560D69FEE0BABCD2D0AAB /* Pods */,
				4E44C4B9AC22859B38850D23 /* Frameworks */,
			);
			sourceTree = "<group>";
		};
		117BD31E210F75FC002B341B /* Products */ = {
			isa = PBXGroup;
			children = (
				117BD31D210F75FC002B341B /* StarWarsChauffeurPrivee.app */,
				117BD331210F75FE002B341B /* StarWarsChauffeurPriveeTests.xctest */,
			);
			name = Products;
			sourceTree = "<group>";
		};
		117BD31F210F75FC002B341B /* StarWarsChauffeurPrivee */ = {
			isa = PBXGroup;
			children = (
				117BD3A2210F9AFD002B341B /* Domain */,
				117BD3A1210F9AA2002B341B /* Resources */,
				117BD342210F9159002B341B /* Storyboards */,
				117BD320210F75FC002B341B /* AppDelegate.swift */,
				117BD322210F75FD002B341B /* ViewController.swift */,
				117BD32C210F75FE002B341B /* Info.plist */,
			);
			path = StarWarsChauffeurPrivee;
			sourceTree = "<group>";
		};
		117BD334210F75FE002B341B /* StarWarsChauffeurPriveeTests */ = {
			isa = PBXGroup;
			children = (
				117BD335210F75FE002B341B /* StarWarsChauffeurPriveeTests.swift */,
				117BD337210F75FE002B341B /* Info.plist */,
			);
			path = StarWarsChauffeurPriveeTests;
			sourceTree = "<group>";
		};
		117BD342210F9159002B341B /* Storyboards */ = {
			isa = PBXGroup;
			children = (
				117BD329210F75FE002B341B /* LaunchScreen.storyboard */,
				117BD324210F75FD002B341B /* Main.storyboard */,
			);
			path = Storyboards;
			sourceTree = "<group>";
		};
		117BD3A1210F9AA2002B341B /* Resources */ = {
			isa = PBXGroup;
			children = (
				117BD327210F75FE002B341B /* Assets.xcassets */,
			);
			path = Resources;
			sourceTree = "<group>";
		};
		117BD3A2210F9AFD002B341B /* Domain */ = {
			isa = PBXGroup;
			children = (
				117BD3AA210F9BD9002B341B /* UseCases */,
				117BD3A3210F9B01002B341B /* Entities */,
			);
			path = Domain;
			sourceTree = "<group>";
		};
		117BD3A3210F9B01002B341B /* Entities */ = {
			isa = PBXGroup;
			children = (
				117BD3A4210F9B0B002B341B /* Pilot.swift */,
				117BD3A6210F9B85002B341B /* TripInformation.swift */,
				117BD3A8210F9BAB002B341B /* Travel.swift */,
			);
			path = Entities;
			sourceTree = "<group>";
		};
		117BD3AA210F9BD9002B341B /* UseCases */ = {
			isa = PBXGroup;
			children = (
				117BD3AB210F9BE5002B341B /* TravelUseCase.swift */,
			);
			path = UseCases;
			sourceTree = "<group>";
		};
		4E44C4B9AC22859B38850D23 /* Frameworks */ = {
			isa = PBXGroup;
			children = (
				A29CEFF315E8B84EB28D392D /* Pods_StarWarsChauffeurPrivee.framework */,
				71A68365AAC9EF697865CDC8 /* Pods_StarWarsChauffeurPriveeTests.framework */,
			);
			name = Frameworks;
			sourceTree = "<group>";
		};
		E48560D69FEE0BABCD2D0AAB /* Pods */ = {
			isa = PBXGroup;
			children = (
				A307294E8047D03736C40BDF /* Pods-StarWarsChauffeurPrivee.debug.xcconfig */,
				9045B5E5A20DADA22216D273 /* Pods-StarWarsChauffeurPrivee.release.xcconfig */,
				DBD9CDF85E7F1500F2D2A892 /* Pods-StarWarsChauffeurPriveeTests.debug.xcconfig */,
				A2E960E121DA10D88E3C180F /* Pods-StarWarsChauffeurPriveeTests.release.xcconfig */,
			);
			name = Pods;
			sourceTree = "<group>";
		};
/* End PBXGroup section */

/* Begin PBXNativeTarget section */
		117BD31C210F75FC002B341B /* StarWarsChauffeurPrivee */ = {
			isa = PBXNativeTarget;
			buildConfigurationList = 117BD33A210F75FE002B341B /* Build configuration list for PBXNativeTarget "StarWarsChauffeurPrivee" */;
			buildPhases = (
				BEFAAF44E2A3A2F0EFD2CBC7 /* [CP] Check Pods Manifest.lock */,
				117BD340210F7EBB002B341B /* Swiftlint */,
				117BD319210F75FC002B341B /* Sources */,
				117BD31A210F75FC002B341B /* Frameworks */,
				117BD31B210F75FC002B341B /* Resources */,
			);
			buildRules = (
			);
			dependencies = (
			);
			name = StarWarsChauffeurPrivee;
			productName = StarWarsChauffeurPrivee;
			productReference = 117BD31D210F75FC002B341B /* StarWarsChauffeurPrivee.app */;
			productType = "com.apple.product-type.application";
		};
		117BD330210F75FE002B341B /* StarWarsChauffeurPriveeTests */ = {
			isa = PBXNativeTarget;
			buildConfigurationList = 117BD33D210F75FE002B341B /* Build configuration list for PBXNativeTarget "StarWarsChauffeurPriveeTests" */;
			buildPhases = (
				15C6FB084988E14C42E57D33 /* [CP] Check Pods Manifest.lock */,
				117BD32D210F75FE002B341B /* Sources */,
				117BD32E210F75FE002B341B /* Frameworks */,
				117BD32F210F75FE002B341B /* Resources */,
			);
			buildRules = (
			);
			dependencies = (
				117BD333210F75FE002B341B /* PBXTargetDependency */,
			);
			name = StarWarsChauffeurPriveeTests;
			productName = StarWarsChauffeurPriveeTests;
			productReference = 117BD331210F75FE002B341B /* StarWarsChauffeurPriveeTests.xctest */;
			productType = "com.apple.product-type.bundle.unit-test";
		};
/* End PBXNativeTarget section */

/* Begin PBXProject section */
		117BD315210F75FC002B341B /* Project object */ = {
			isa = PBXProject;
			attributes = {
				LastSwiftUpdateCheck = 0940;
				LastUpgradeCheck = 0940;
				ORGANIZATIONNAME = StarWarsChauffeurPrivee;
				TargetAttributes = {
					117BD31C210F75FC002B341B = {
						CreatedOnToolsVersion = 9.4.1;
					};
					117BD330210F75FE002B341B = {
						CreatedOnToolsVersion = 9.4.1;
						TestTargetID = 117BD31C210F75FC002B341B;
					};
				};
			};
			buildConfigurationList = 117BD318210F75FC002B341B /* Build configuration list for PBXProject "StarWarsChauffeurPrivee" */;
			compatibilityVersion = "Xcode 9.3";
			developmentRegion = en;
			hasScannedForEncodings = 0;
			knownRegions = (
				en,
				Base,
			);
			mainGroup = 117BD314210F75FC002B341B;
			productRefGroup = 117BD31E210F75FC002B341B /* Products */;
			projectDirPath = "";
			projectRoot = "";
			targets = (
				117BD31C210F75FC002B341B /* StarWarsChauffeurPrivee */,
				117BD330210F75FE002B341B /* StarWarsChauffeurPriveeTests */,
			);
		};
/* End PBXProject section */

/* Begin PBXResourcesBuildPhase section */
		117BD31B210F75FC002B341B /* Resources */ = {
			isa = PBXResourcesBuildPhase;
			buildActionMask = 2147483647;
			files = (
				117BD32B210F75FE002B341B /* LaunchScreen.storyboard in Resources */,
				117BD328210F75FE002B341B /* Assets.xcassets in Resources */,
				117BD326210F75FD002B341B /* Main.storyboard in Resources */,
			);
			runOnlyForDeploymentPostprocessing = 0;
		};
		117BD32F210F75FE002B341B /* Resources */ = {
			isa = PBXResourcesBuildPhase;
			buildActionMask = 2147483647;
			files = (
			);
			runOnlyForDeploymentPostprocessing = 0;
		};
/* End PBXResourcesBuildPhase section */

/* Begin PBXShellScriptBuildPhase section */
		117BD340210F7EBB002B341B /* Swiftlint */ = {
			isa = PBXShellScriptBuildPhase;
			buildActionMask = 2147483647;
			files = (
			);
			inputPaths = (
			);
			name = Swiftlint;
			outputPaths = (
			);
			runOnlyForDeploymentPostprocessing = 0;
			shellPath = /bin/sh;
			shellScript = "if which \"${PODS_ROOT}/SwiftLint/swiftlint\" >/dev/null; then\n\"${PODS_ROOT}/SwiftLint/swiftlint\"\nelse\necho \"error: SwiftLint not installed, download from https://github.com/realm/SwiftLint\"\nfi";
		};
		15C6FB084988E14C42E57D33 /* [CP] Check Pods Manifest.lock */ = {
			isa = PBXShellScriptBuildPhase;
			buildActionMask = 2147483647;
			files = (
			);
			inputPaths = (
				"${PODS_PODFILE_DIR_PATH}/Podfile.lock",
				"${PODS_ROOT}/Manifest.lock",
			);
			name = "[CP] Check Pods Manifest.lock";
			outputPaths = (
				"$(DERIVED_FILE_DIR)/Pods-StarWarsChauffeurPriveeTests-checkManifestLockResult.txt",
			);
			runOnlyForDeploymentPostprocessing = 0;
			shellPath = /bin/sh;
			shellScript = "diff \"${PODS_PODFILE_DIR_PATH}/Podfile.lock\" \"${PODS_ROOT}/Manifest.lock\" > /dev/null\nif [ $? != 0 ] ; then\n    # print error to STDERR\n    echo \"error: The sandbox is not in sync with the Podfile.lock. Run 'pod install' or update your CocoaPods installation.\" >&2\n    exit 1\nfi\n# This output is used by Xcode 'outputs' to avoid re-running this script phase.\necho \"SUCCESS\" > \"${SCRIPT_OUTPUT_FILE_0}\"\n";
			showEnvVarsInLog = 0;
		};
		BEFAAF44E2A3A2F0EFD2CBC7 /* [CP] Check Pods Manifest.lock */ = {
			isa = PBXShellScriptBuildPhase;
			buildActionMask = 2147483647;
			files = (
			);
			inputPaths = (
				"${PODS_PODFILE_DIR_PATH}/Podfile.lock",
				"${PODS_ROOT}/Manifest.lock",
			);
			name = "[CP] Check Pods Manifest.lock";
			outputPaths = (
				"$(DERIVED_FILE_DIR)/Pods-StarWarsChauffeurPrivee-checkManifestLockResult.txt",
			);
			runOnlyForDeploymentPostprocessing = 0;
			shellPath = /bin/sh;
			shellScript = "diff \"${PODS_PODFILE_DIR_PATH}/Podfile.lock\" \"${PODS_ROOT}/Manifest.lock\" > /dev/null\nif [ $? != 0 ] ; then\n    # print error to STDERR\n    echo \"error: The sandbox is not in sync with the Podfile.lock. Run 'pod install' or update your CocoaPods installation.\" >&2\n    exit 1\nfi\n# This output is used by Xcode 'outputs' to avoid re-running this script phase.\necho \"SUCCESS\" > \"${SCRIPT_OUTPUT_FILE_0}\"\n";
			showEnvVarsInLog = 0;
		};
/* End PBXShellScriptBuildPhase section */

/* Begin PBXSourcesBuildPhase section */
		117BD319210F75FC002B341B /* Sources */ = {
			isa = PBXSourcesBuildPhase;
			buildActionMask = 2147483647;
			files = (
				117BD3A5210F9B0B002B341B /* Pilot.swift in Sources */,
				117BD3A7210F9B85002B341B /* TripInformation.swift in Sources */,
				117BD323210F75FD002B341B /* ViewController.swift in Sources */,
				117BD3A9210F9BAB002B341B /* Travel.swift in Sources */,
				117BD321210F75FC002B341B /* AppDelegate.swift in Sources */,
				117BD3AC210F9BE5002B341B /* TravelUseCase.swift in Sources */,
			);
			runOnlyForDeploymentPostprocessing = 0;
		};
		117BD32D210F75FE002B341B /* Sources */ = {
			isa = PBXSourcesBuildPhase;
			buildActionMask = 2147483647;
			files = (
				117BD336210F75FE002B341B /* StarWarsChauffeurPriveeTests.swift in Sources */,
			);
			runOnlyForDeploymentPostprocessing = 0;
		};
/* End PBXSourcesBuildPhase section */

/* Begin PBXTargetDependency section */
		117BD333210F75FE002B341B /* PBXTargetDependency */ = {
			isa = PBXTargetDependency;
			target = 117BD31C210F75FC002B341B /* StarWarsChauffeurPrivee */;
			targetProxy = 117BD332210F75FE002B341B /* PBXContainerItemProxy */;
		};
/* End PBXTargetDependency section */

/* Begin PBXVariantGroup section */
		117BD324210F75FD002B341B /* Main.storyboard */ = {
			isa = PBXVariantGroup;
			children = (
				117BD325210F75FD002B341B /* Base */,
			);
			name = Main.storyboard;
			sourceTree = "<group>";
		};
		117BD329210F75FE002B341B /* LaunchScreen.storyboard */ = {
			isa = PBXVariantGroup;
			children = (
				117BD32A210F75FE002B341B /* Base */,
			);
			name = LaunchScreen.storyboard;
			sourceTree = "<group>";
		};
/* End PBXVariantGroup section */

/* Begin XCBuildConfiguration section */
		117BD338210F75FE002B341B /* Debug */ = {
			isa = XCBuildConfiguration;
			buildSettings = {
				ALWAYS_SEARCH_USER_PATHS = NO;
				CLANG_ANALYZER_NONNULL = YES;
				CLANG_ANALYZER_NUMBER_OBJECT_CONVERSION = YES_AGGRESSIVE;
				CLANG_CXX_LANGUAGE_STANDARD = "gnu++14";
				CLANG_CXX_LIBRARY = "libc++";
				CLANG_ENABLE_MODULES = YES;
				CLANG_ENABLE_OBJC_ARC = YES;
				CLANG_ENABLE_OBJC_WEAK = YES;
				CLANG_WARN_BLOCK_CAPTURE_AUTORELEASING = YES;
				CLANG_WARN_BOOL_CONVERSION = YES;
				CLANG_WARN_COMMA = YES;
				CLANG_WARN_CONSTANT_CONVERSION = YES;
				CLANG_WARN_DEPRECATED_OBJC_IMPLEMENTATIONS = YES;
				CLANG_WARN_DIRECT_OBJC_ISA_USAGE = YES_ERROR;
				CLANG_WARN_DOCUMENTATION_COMMENTS = YES;
				CLANG_WARN_EMPTY_BODY = YES;
				CLANG_WARN_ENUM_CONVERSION = YES;
				CLANG_WARN_INFINITE_RECURSION = YES;
				CLANG_WARN_INT_CONVERSION = YES;
				CLANG_WARN_NON_LITERAL_NULL_CONVERSION = YES;
				CLANG_WARN_OBJC_IMPLICIT_RETAIN_SELF = YES;
				CLANG_WARN_OBJC_LITERAL_CONVERSION = YES;
				CLANG_WARN_OBJC_ROOT_CLASS = YES_ERROR;
				CLANG_WARN_RANGE_LOOP_ANALYSIS = YES;
				CLANG_WARN_STRICT_PROTOTYPES = YES;
				CLANG_WARN_SUSPICIOUS_MOVE = YES;
				CLANG_WARN_UNGUARDED_AVAILABILITY = YES_AGGRESSIVE;
				CLANG_WARN_UNREACHABLE_CODE = YES;
				CLANG_WARN__DUPLICATE_METHOD_MATCH = YES;
				CODE_SIGN_IDENTITY = "iPhone Developer";
				COPY_PHASE_STRIP = NO;
				DEBUG_INFORMATION_FORMAT = dwarf;
				ENABLE_STRICT_OBJC_MSGSEND = YES;
				ENABLE_TESTABILITY = YES;
				GCC_C_LANGUAGE_STANDARD = gnu11;
				GCC_DYNAMIC_NO_PIC = NO;
				GCC_NO_COMMON_BLOCKS = YES;
				GCC_OPTIMIZATION_LEVEL = 0;
				GCC_PREPROCESSOR_DEFINITIONS = (
					"DEBUG=1",
					"$(inherited)",
				);
				GCC_WARN_64_TO_32_BIT_CONVERSION = YES;
				GCC_WARN_ABOUT_RETURN_TYPE = YES_ERROR;
				GCC_WARN_UNDECLARED_SELECTOR = YES;
				GCC_WARN_UNINITIALIZED_AUTOS = YES_AGGRESSIVE;
				GCC_WARN_UNUSED_FUNCTION = YES;
				GCC_WARN_UNUSED_VARIABLE = YES;
				IPHONEOS_DEPLOYMENT_TARGET = 10.0;
				MTL_ENABLE_DEBUG_INFO = YES;
				ONLY_ACTIVE_ARCH = YES;
				SDKROOT = iphoneos;
				SWIFT_ACTIVE_COMPILATION_CONDITIONS = DEBUG;
				SWIFT_OPTIMIZATION_LEVEL = "-Onone";
			};
			name = Debug;
		};
		117BD339210F75FE002B341B /* Release */ = {
			isa = XCBuildConfiguration;
			buildSettings = {
				ALWAYS_SEARCH_USER_PATHS = NO;
				CLANG_ANALYZER_NONNULL = YES;
				CLANG_ANALYZER_NUMBER_OBJECT_CONVERSION = YES_AGGRESSIVE;
				CLANG_CXX_LANGUAGE_STANDARD = "gnu++14";
				CLANG_CXX_LIBRARY = "libc++";
				CLANG_ENABLE_MODULES = YES;
				CLANG_ENABLE_OBJC_ARC = YES;
				CLANG_ENABLE_OBJC_WEAK = YES;
				CLANG_WARN_BLOCK_CAPTURE_AUTORELEASING = YES;
				CLANG_WARN_BOOL_CONVERSION = YES;
				CLANG_WARN_COMMA = YES;
				CLANG_WARN_CONSTANT_CONVERSION = YES;
				CLANG_WARN_DEPRECATED_OBJC_IMPLEMENTATIONS = YES;
				CLANG_WARN_DIRECT_OBJC_ISA_USAGE = YES_ERROR;
				CLANG_WARN_DOCUMENTATION_COMMENTS = YES;
				CLANG_WARN_EMPTY_BODY = YES;
				CLANG_WARN_ENUM_CONVERSION = YES;
				CLANG_WARN_INFINITE_RECURSION = YES;
				CLANG_WARN_INT_CONVERSION = YES;
				CLANG_WARN_NON_LITERAL_NULL_CONVERSION = YES;
				CLANG_WARN_OBJC_IMPLICIT_RETAIN_SELF = YES;
				CLANG_WARN_OBJC_LITERAL_CONVERSION = YES;
				CLANG_WARN_OBJC_ROOT_CLASS = YES_ERROR;
				CLANG_WARN_RANGE_LOOP_ANALYSIS = YES;
				CLANG_WARN_STRICT_PROTOTYPES = YES;
				CLANG_WARN_SUSPICIOUS_MOVE = YES;
				CLANG_WARN_UNGUARDED_AVAILABILITY = YES_AGGRESSIVE;
				CLANG_WARN_UNREACHABLE_CODE = YES;
				CLANG_WARN__DUPLICATE_METHOD_MATCH = YES;
				CODE_SIGN_IDENTITY = "iPhone Developer";
				COPY_PHASE_STRIP = NO;
				DEBUG_INFORMATION_FORMAT = "dwarf-with-dsym";
				ENABLE_NS_ASSERTIONS = NO;
				ENABLE_STRICT_OBJC_MSGSEND = YES;
				GCC_C_LANGUAGE_STANDARD = gnu11;
				GCC_NO_COMMON_BLOCKS = YES;
				GCC_WARN_64_TO_32_BIT_CONVERSION = YES;
				GCC_WARN_ABOUT_RETURN_TYPE = YES_ERROR;
				GCC_WARN_UNDECLARED_SELECTOR = YES;
				GCC_WARN_UNINITIALIZED_AUTOS = YES_AGGRESSIVE;
				GCC_WARN_UNUSED_FUNCTION = YES;
				GCC_WARN_UNUSED_VARIABLE = YES;
				IPHONEOS_DEPLOYMENT_TARGET = 10.0;
				MTL_ENABLE_DEBUG_INFO = NO;
				SDKROOT = iphoneos;
				SWIFT_COMPILATION_MODE = wholemodule;
				SWIFT_OPTIMIZATION_LEVEL = "-O";
				VALIDATE_PRODUCT = YES;
			};
			name = Release;
		};
		117BD33B210F75FE002B341B /* Debug */ = {
			isa = XCBuildConfiguration;
			baseConfigurationReference = A307294E8047D03736C40BDF /* Pods-StarWarsChauffeurPrivee.debug.xcconfig */;
			buildSettings = {
				ASSETCATALOG_COMPILER_APPICON_NAME = AppIcon;
				CODE_SIGN_STYLE = Automatic;
				DEVELOPMENT_TEAM = YA7TV38U2Z;
				INFOPLIST_FILE = StarWarsChauffeurPrivee/Info.plist;
				IPHONEOS_DEPLOYMENT_TARGET = 10.0;
				LD_RUNPATH_SEARCH_PATHS = (
					"$(inherited)",
					"@executable_path/Frameworks",
				);
				PRODUCT_BUNDLE_IDENTIFIER = fr.StarWarsChauffeurPrivee.app.StarWarsChauffeurPrivee;
				PRODUCT_NAME = "$(TARGET_NAME)";
				SWIFT_VERSION = 4.0;
				TARGETED_DEVICE_FAMILY = "1,2";
			};
			name = Debug;
		};
		117BD33C210F75FE002B341B /* Release */ = {
			isa = XCBuildConfiguration;
			baseConfigurationReference = 9045B5E5A20DADA22216D273 /* Pods-StarWarsChauffeurPrivee.release.xcconfig */;
			buildSettings = {
				ASSETCATALOG_COMPILER_APPICON_NAME = AppIcon;
				CODE_SIGN_STYLE = Automatic;
				DEVELOPMENT_TEAM = YA7TV38U2Z;
				INFOPLIST_FILE = StarWarsChauffeurPrivee/Info.plist;
				IPHONEOS_DEPLOYMENT_TARGET = 10.0;
				LD_RUNPATH_SEARCH_PATHS = (
					"$(inherited)",
					"@executable_path/Frameworks",
				);
				PRODUCT_BUNDLE_IDENTIFIER = fr.StarWarsChauffeurPrivee.app.StarWarsChauffeurPrivee;
				PRODUCT_NAME = "$(TARGET_NAME)";
				SWIFT_VERSION = 4.0;
				TARGETED_DEVICE_FAMILY = "1,2";
			};
			name = Release;
		};
		117BD33E210F75FE002B341B /* Debug */ = {
			isa = XCBuildConfiguration;
			baseConfigurationReference = DBD9CDF85E7F1500F2D2A892 /* Pods-StarWarsChauffeurPriveeTests.debug.xcconfig */;
			buildSettings = {
				ALWAYS_EMBED_SWIFT_STANDARD_LIBRARIES = YES;
				BUNDLE_LOADER = "$(TEST_HOST)";
				CODE_SIGN_STYLE = Automatic;
				DEVELOPMENT_TEAM = YA7TV38U2Z;
				INFOPLIST_FILE = StarWarsChauffeurPriveeTests/Info.plist;
				LD_RUNPATH_SEARCH_PATHS = (
					"$(inherited)",
					"@executable_path/Frameworks",
					"@loader_path/Frameworks",
				);
				PRODUCT_BUNDLE_IDENTIFIER = fr.StarWarsChauffeurPrivee.app.StarWarsChauffeurPriveeTests;
				PRODUCT_NAME = "$(TARGET_NAME)";
				SWIFT_VERSION = 4.0;
				TARGETED_DEVICE_FAMILY = "1,2";
				TEST_HOST = "$(BUILT_PRODUCTS_DIR)/StarWarsChauffeurPrivee.app/StarWarsChauffeurPrivee";
			};
			name = Debug;
		};
		117BD33F210F75FE002B341B /* Release */ = {
			isa = XCBuildConfiguration;
			baseConfigurationReference = A2E960E121DA10D88E3C180F /* Pods-StarWarsChauffeurPriveeTests.release.xcconfig */;
			buildSettings = {
				ALWAYS_EMBED_SWIFT_STANDARD_LIBRARIES = YES;
				BUNDLE_LOADER = "$(TEST_HOST)";
				CODE_SIGN_STYLE = Automatic;
				DEVELOPMENT_TEAM = YA7TV38U2Z;
				INFOPLIST_FILE = StarWarsChauffeurPriveeTests/Info.plist;
				LD_RUNPATH_SEARCH_PATHS = (
					"$(inherited)",
					"@executable_path/Frameworks",
					"@loader_path/Frameworks",
				);
				PRODUCT_BUNDLE_IDENTIFIER = fr.StarWarsChauffeurPrivee.app.StarWarsChauffeurPriveeTests;
				PRODUCT_NAME = "$(TARGET_NAME)";
				SWIFT_VERSION = 4.0;
				TARGETED_DEVICE_FAMILY = "1,2";
				TEST_HOST = "$(BUILT_PRODUCTS_DIR)/StarWarsChauffeurPrivee.app/StarWarsChauffeurPrivee";
			};
			name = Release;
		};
/* End XCBuildConfiguration section */

/* Begin XCConfigurationList section */
		117BD318210F75FC002B341B /* Build configuration list for PBXProject "StarWarsChauffeurPrivee" */ = {
			isa = XCConfigurationList;
			buildConfigurations = (
				117BD338210F75FE002B341B /* Debug */,
				117BD339210F75FE002B341B /* Release */,
			);
			defaultConfigurationIsVisible = 0;
			defaultConfigurationName = Release;
		};
		117BD33A210F75FE002B341B /* Build configuration list for PBXNativeTarget "StarWarsChauffeurPrivee" */ = {
			isa = XCConfigurationList;
			buildConfigurations = (
				117BD33B210F75FE002B341B /* Debug */,
				117BD33C210F75FE002B341B /* Release */,
			);
			defaultConfigurationIsVisible = 0;
			defaultConfigurationName = Release;
		};
		117BD33D210F75FE002B341B /* Build configuration list for PBXNativeTarget "StarWarsChauffeurPriveeTests" */ = {
			isa = XCConfigurationList;
			buildConfigurations = (
				117BD33E210F75FE002B341B /* Debug */,
				117BD33F210F75FE002B341B /* Release */,
			);
			defaultConfigurationIsVisible = 0;
			defaultConfigurationName = Release;
		};
/* End XCConfigurationList section */
	};
	rootObject = 117BD315210F75FC002B341B /* Project object */;
}
